
Microsoft Visual Studio Solution File, Format Version 12.00
# Visual Studio Version 17
VisualStudioVersion = 17.1.32407.343
MinimumVisualStudioVersion = 10.0.40219.1
Project("{FAE04EC0-301F-11D3-BF4B-00C04F79EFBC}") = "Vista", "Vista\Vista.csproj", "{41BDF09F-2AB3-4689-B879-93AB35F76889}"
EndProject
Project("{FAE04EC0-301F-11D3-BF4B-00C04F79EFBC}") = "Entidades", "Entidades\Entidades.csproj", "{3D08364B-3B0F-4CA8-A24B-87451D475735}"
EndProject
Global
	GlobalSection(SolutionConfigurationPlatforms) = preSolution
		Debug|Any CPU = Debug|Any CPU
		Release|Any CPU = Release|Any CPU
	EndGlobalSection
	GlobalSection(ProjectConfigurationPlatforms) = postSolution
		{41BDF09F-2AB3-4689-B879-93AB35F76889}.Debug|Any CPU.ActiveCfg = Debug|Any CPU
		{41BDF09F-2AB3-4689-B879-93AB35F76889}.Debug|Any CPU.Build.0 = Debug|Any CPU
		{41BDF09F-2AB3-4689-B879-93AB35F76889}.Release|Any CPU.ActiveCfg = Release|Any CPU
		{41BDF09F-2AB3-4689-B879-93AB35F76889}.Release|Any CPU.Build.0 = Release|Any CPU
		{3D08364B-3B0F-4CA8-A24B-87451D475735}.Debug|Any CPU.ActiveCfg = Debug|Any CPU
		{3D08364B-3B0F-4CA8-A24B-87451D475735}.Debug|Any CPU.Build.0 = Debug|Any CPU
		{3D08364B-3B0F-4CA8-A24B-87451D475735}.Release|Any CPU.ActiveCfg = Release|Any CPU
		{3D08364B-3B0F-4CA8-A24B-87451D475735}.Release|Any CPU.Build.0 = Release|Any CPU
	EndGlobalSection
	GlobalSection(SolutionProperties) = preSolution
		HideSolutionNode = FALSE
	EndGlobalSection
	GlobalSection(ExtensibilityGlobals) = postSolution
		SolutionGuid = {80430053-E99F-475A-91C8-D27F95869291}
	EndGlobalSection
EndGlobal
