
Microsoft Visual Studio Solution File, Format Version 12.00
# Visual Studio Version 17
VisualStudioVersion = 17.1.32407.343
MinimumVisualStudioVersion = 10.0.40219.1
Project("{9A19103F-16F7-4668-BE54-9A1E7A4F7556}") = "Vista", "Vista\Vista.csproj", "{5E0B3DA0-CFA6-482C-A5AE-702AF03305D1}"
EndProject
Project("{FAE04EC0-301F-11D3-BF4B-00C04F79EFBC}") = "Entidades", "Entidades\Entidades.csproj", "{66E4B1FD-2F34-4E38-8BF5-110AF3B04CB3}"
EndProject
Global
	GlobalSection(SolutionConfigurationPlatforms) = preSolution
		Debug|Any CPU = Debug|Any CPU
		Release|Any CPU = Release|Any CPU
	EndGlobalSection
	GlobalSection(ProjectConfigurationPlatforms) = postSolution
		{5E0B3DA0-CFA6-482C-A5AE-702AF03305D1}.Debug|Any CPU.ActiveCfg = Debug|Any CPU
		{5E0B3DA0-CFA6-482C-A5AE-702AF03305D1}.Debug|Any CPU.Build.0 = Debug|Any CPU
		{5E0B3DA0-CFA6-482C-A5AE-702AF03305D1}.Release|Any CPU.ActiveCfg = Release|Any CPU
		{5E0B3DA0-CFA6-482C-A5AE-702AF03305D1}.Release|Any CPU.Build.0 = Release|Any CPU
		{66E4B1FD-2F34-4E38-8BF5-110AF3B04CB3}.Debug|Any CPU.ActiveCfg = Debug|Any CPU
		{66E4B1FD-2F34-4E38-8BF5-110AF3B04CB3}.Debug|Any CPU.Build.0 = Debug|Any CPU
		{66E4B1FD-2F34-4E38-8BF5-110AF3B04CB3}.Release|Any CPU.ActiveCfg = Release|Any CPU
		{66E4B1FD-2F34-4E38-8BF5-110AF3B04CB3}.Release|Any CPU.Build.0 = Release|Any CPU
	EndGlobalSection
	GlobalSection(SolutionProperties) = preSolution
		HideSolutionNode = FALSE
	EndGlobalSection
	GlobalSection(ExtensibilityGlobals) = postSolution
		SolutionGuid = {5924AF14-D33F-4193-A8F5-6511BAAFB0F7}
	EndGlobalSection
EndGlobal
