
Microsoft Visual Studio Solution File, Format Version 12.00
# Visual Studio Version 17
VisualStudioVersion = 17.1.32319.34
MinimumVisualStudioVersion = 10.0.40219.1
Project("{FAE04EC0-301F-11D3-BF4B-00C04F79EFBC}") = "Vista", "Vista\Vista.csproj", "{F164130E-477B-44E3-8BBB-363723EC2462}"
EndProject
Project("{FAE04EC0-301F-11D3-BF4B-00C04F79EFBC}") = "Entidades", "Entidades\Entidades.csproj", "{5BF9D6D9-70B0-4AAC-9F6B-5A4509045430}"
EndProject
Global
	GlobalSection(SolutionConfigurationPlatforms) = preSolution
		Debug|Any CPU = Debug|Any CPU
		Release|Any CPU = Release|Any CPU
	EndGlobalSection
	GlobalSection(ProjectConfigurationPlatforms) = postSolution
		{F164130E-477B-44E3-8BBB-363723EC2462}.Debug|Any CPU.ActiveCfg = Debug|Any CPU
		{F164130E-477B-44E3-8BBB-363723EC2462}.Debug|Any CPU.Build.0 = Debug|Any CPU
		{F164130E-477B-44E3-8BBB-363723EC2462}.Release|Any CPU.ActiveCfg = Release|Any CPU
		{F164130E-477B-44E3-8BBB-363723EC2462}.Release|Any CPU.Build.0 = Release|Any CPU
		{5BF9D6D9-70B0-4AAC-9F6B-5A4509045430}.Debug|Any CPU.ActiveCfg = Debug|Any CPU
		{5BF9D6D9-70B0-4AAC-9F6B-5A4509045430}.Debug|Any CPU.Build.0 = Debug|Any CPU
		{5BF9D6D9-70B0-4AAC-9F6B-5A4509045430}.Release|Any CPU.ActiveCfg = Release|Any CPU
		{5BF9D6D9-70B0-4AAC-9F6B-5A4509045430}.Release|Any CPU.Build.0 = Release|Any CPU
	EndGlobalSection
	GlobalSection(SolutionProperties) = preSolution
		HideSolutionNode = FALSE
	EndGlobalSection
	GlobalSection(ExtensibilityGlobals) = postSolution
		SolutionGuid = {E143C703-DE43-48B8-B43B-7031108BF8AF}
	EndGlobalSection
EndGlobal
