
Microsoft Visual Studio Solution File, Format Version 12.00
# Visual Studio Version 17
VisualStudioVersion = 17.1.32407.343
MinimumVisualStudioVersion = 10.0.40219.1
Project("{9A19103F-16F7-4668-BE54-9A1E7A4F7556}") = "Vista", "Vista\Vista.csproj", "{2FA2D1D1-A26A-4EC1-A82F-510486764539}"
EndProject
Project("{9A19103F-16F7-4668-BE54-9A1E7A4F7556}") = "TestsAduana", "TestsAduana\TestsAduana.csproj", "{BBCF9308-65D6-4F3A-AD2C-1001B5DCC95A}"
EndProject
Project("{FAE04EC0-301F-11D3-BF4B-00C04F79EFBC}") = "Entidades", "Entidades\Entidades.csproj", "{7B7F6B5D-AB1C-46B9-9457-47E7915204A8}"
EndProject
Global
	GlobalSection(SolutionConfigurationPlatforms) = preSolution
		Debug|Any CPU = Debug|Any CPU
		Release|Any CPU = Release|Any CPU
	EndGlobalSection
	GlobalSection(ProjectConfigurationPlatforms) = postSolution
		{2FA2D1D1-A26A-4EC1-A82F-510486764539}.Debug|Any CPU.ActiveCfg = Debug|Any CPU
		{2FA2D1D1-A26A-4EC1-A82F-510486764539}.Debug|Any CPU.Build.0 = Debug|Any CPU
		{2FA2D1D1-A26A-4EC1-A82F-510486764539}.Release|Any CPU.ActiveCfg = Release|Any CPU
		{2FA2D1D1-A26A-4EC1-A82F-510486764539}.Release|Any CPU.Build.0 = Release|Any CPU
		{BBCF9308-65D6-4F3A-AD2C-1001B5DCC95A}.Debug|Any CPU.ActiveCfg = Debug|Any CPU
		{BBCF9308-65D6-4F3A-AD2C-1001B5DCC95A}.Debug|Any CPU.Build.0 = Debug|Any CPU
		{BBCF9308-65D6-4F3A-AD2C-1001B5DCC95A}.Release|Any CPU.ActiveCfg = Release|Any CPU
		{BBCF9308-65D6-4F3A-AD2C-1001B5DCC95A}.Release|Any CPU.Build.0 = Release|Any CPU
		{7B7F6B5D-AB1C-46B9-9457-47E7915204A8}.Debug|Any CPU.ActiveCfg = Debug|Any CPU
		{7B7F6B5D-AB1C-46B9-9457-47E7915204A8}.Debug|Any CPU.Build.0 = Debug|Any CPU
		{7B7F6B5D-AB1C-46B9-9457-47E7915204A8}.Release|Any CPU.ActiveCfg = Release|Any CPU
		{7B7F6B5D-AB1C-46B9-9457-47E7915204A8}.Release|Any CPU.Build.0 = Release|Any CPU
	EndGlobalSection
	GlobalSection(SolutionProperties) = preSolution
		HideSolutionNode = FALSE
	EndGlobalSection
	GlobalSection(ExtensibilityGlobals) = postSolution
		SolutionGuid = {6FB9E389-5DD3-4047-B935-911D69B60EFD}
	EndGlobalSection
EndGlobal
