
Microsoft Visual Studio Solution File, Format Version 12.00
# Visual Studio Version 17
VisualStudioVersion = 17.1.32319.34
MinimumVisualStudioVersion = 10.0.40219.1
Project("{FAE04EC0-301F-11D3-BF4B-00C04F79EFBC}") = "Vista", "Vista\Vista.csproj", "{DDD3C02E-B271-4365-A573-4C7555AB67BA}"
EndProject
Project("{FAE04EC0-301F-11D3-BF4B-00C04F79EFBC}") = "Entidades", "Entidades\Entidades.csproj", "{D1530626-2447-4596-B64E-78E57A5B5D84}"
EndProject
Global
	GlobalSection(SolutionConfigurationPlatforms) = preSolution
		Debug|Any CPU = Debug|Any CPU
		Release|Any CPU = Release|Any CPU
	EndGlobalSection
	GlobalSection(ProjectConfigurationPlatforms) = postSolution
		{DDD3C02E-B271-4365-A573-4C7555AB67BA}.Debug|Any CPU.ActiveCfg = Debug|Any CPU
		{DDD3C02E-B271-4365-A573-4C7555AB67BA}.Debug|Any CPU.Build.0 = Debug|Any CPU
		{DDD3C02E-B271-4365-A573-4C7555AB67BA}.Release|Any CPU.ActiveCfg = Release|Any CPU
		{DDD3C02E-B271-4365-A573-4C7555AB67BA}.Release|Any CPU.Build.0 = Release|Any CPU
		{D1530626-2447-4596-B64E-78E57A5B5D84}.Debug|Any CPU.ActiveCfg = Debug|Any CPU
		{D1530626-2447-4596-B64E-78E57A5B5D84}.Debug|Any CPU.Build.0 = Debug|Any CPU
		{D1530626-2447-4596-B64E-78E57A5B5D84}.Release|Any CPU.ActiveCfg = Release|Any CPU
		{D1530626-2447-4596-B64E-78E57A5B5D84}.Release|Any CPU.Build.0 = Release|Any CPU
	EndGlobalSection
	GlobalSection(SolutionProperties) = preSolution
		HideSolutionNode = FALSE
	EndGlobalSection
	GlobalSection(ExtensibilityGlobals) = postSolution
		SolutionGuid = {E68C5400-E9D9-418D-B63A-329FD60FDB8F}
	EndGlobalSection
EndGlobal
