
Microsoft Visual Studio Solution File, Format Version 12.00
# Visual Studio Version 17
VisualStudioVersion = 17.1.32228.430
MinimumVisualStudioVersion = 10.0.40219.1
Project("{FAE04EC0-301F-11D3-BF4B-00C04F79EFBC}") = "Consola", "Validador de rangos\Consola.csproj", "{ED1F1378-E250-4707-B93B-134C800C4024}"
EndProject
Project("{FAE04EC0-301F-11D3-BF4B-00C04F79EFBC}") = "LogicaValidador", "LogicaValidador\LogicaValidador.csproj", "{FE28C609-7DFC-4B7A-B10B-53F9ACBDB961}"
EndProject
Global
	GlobalSection(SolutionConfigurationPlatforms) = preSolution
		Debug|Any CPU = Debug|Any CPU
		Release|Any CPU = Release|Any CPU
	EndGlobalSection
	GlobalSection(ProjectConfigurationPlatforms) = postSolution
		{ED1F1378-E250-4707-B93B-134C800C4024}.Debug|Any CPU.ActiveCfg = Debug|Any CPU
		{ED1F1378-E250-4707-B93B-134C800C4024}.Debug|Any CPU.Build.0 = Debug|Any CPU
		{ED1F1378-E250-4707-B93B-134C800C4024}.Release|Any CPU.ActiveCfg = Release|Any CPU
		{ED1F1378-E250-4707-B93B-134C800C4024}.Release|Any CPU.Build.0 = Release|Any CPU
		{FE28C609-7DFC-4B7A-B10B-53F9ACBDB961}.Debug|Any CPU.ActiveCfg = Debug|Any CPU
		{FE28C609-7DFC-4B7A-B10B-53F9ACBDB961}.Debug|Any CPU.Build.0 = Debug|Any CPU
		{FE28C609-7DFC-4B7A-B10B-53F9ACBDB961}.Release|Any CPU.ActiveCfg = Release|Any CPU
		{FE28C609-7DFC-4B7A-B10B-53F9ACBDB961}.Release|Any CPU.Build.0 = Release|Any CPU
	EndGlobalSection
	GlobalSection(SolutionProperties) = preSolution
		HideSolutionNode = FALSE
	EndGlobalSection
	GlobalSection(ExtensibilityGlobals) = postSolution
		SolutionGuid = {816B8511-D14C-4FDD-AA4C-C6D1EBCF361A}
	EndGlobalSection
EndGlobal
