
Microsoft Visual Studio Solution File, Format Version 12.00
# Visual Studio Version 17
VisualStudioVersion = 17.1.32319.34
MinimumVisualStudioVersion = 10.0.40219.1
Project("{9A19103F-16F7-4668-BE54-9A1E7A4F7556}") = "Aplicacion", "Aplicacion\Aplicacion.csproj", "{EE15E780-23B4-44E2-ABB2-98BB2AFA7710}"
EndProject
Project("{9A19103F-16F7-4668-BE54-9A1E7A4F7556}") = "Entidades", "Entidades\Entidades.csproj", "{18893CEF-BE3D-4EBD-8909-D64EFCC7B1AC}"
EndProject
Global
	GlobalSection(SolutionConfigurationPlatforms) = preSolution
		Debug|Any CPU = Debug|Any CPU
		Release|Any CPU = Release|Any CPU
	EndGlobalSection
	GlobalSection(ProjectConfigurationPlatforms) = postSolution
		{EE15E780-23B4-44E2-ABB2-98BB2AFA7710}.Debug|Any CPU.ActiveCfg = Debug|Any CPU
		{EE15E780-23B4-44E2-ABB2-98BB2AFA7710}.Debug|Any CPU.Build.0 = Debug|Any CPU
		{EE15E780-23B4-44E2-ABB2-98BB2AFA7710}.Release|Any CPU.ActiveCfg = Release|Any CPU
		{EE15E780-23B4-44E2-ABB2-98BB2AFA7710}.Release|Any CPU.Build.0 = Release|Any CPU
		{18893CEF-BE3D-4EBD-8909-D64EFCC7B1AC}.Debug|Any CPU.ActiveCfg = Debug|Any CPU
		{18893CEF-BE3D-4EBD-8909-D64EFCC7B1AC}.Debug|Any CPU.Build.0 = Debug|Any CPU
		{18893CEF-BE3D-4EBD-8909-D64EFCC7B1AC}.Release|Any CPU.ActiveCfg = Release|Any CPU
		{18893CEF-BE3D-4EBD-8909-D64EFCC7B1AC}.Release|Any CPU.Build.0 = Release|Any CPU
	EndGlobalSection
	GlobalSection(SolutionProperties) = preSolution
		HideSolutionNode = FALSE
	EndGlobalSection
	GlobalSection(ExtensibilityGlobals) = postSolution
		SolutionGuid = {6002375A-D016-43B2-AD81-62DB91C73990}
	EndGlobalSection
EndGlobal
